
Microsoft Visual Studio Solution File, Format Version 12.00
# Visual Studio Version 17
VisualStudioVersion = 17.10.35013.160
MinimumVisualStudioVersion = 10.0.40219.1
Project("{FAE04EC0-301F-11D3-BF4B-00C04F79EFBC}") = "YoutubeDS", "YoutubeDS\YoutubeDS.csproj", "{38DBC4F2-0D1B-49C5-93C0-A572EB2A0839}"
EndProject
Global
	GlobalSection(SolutionConfigurationPlatforms) = preSolution
		Debug|Any CPU = Debug|Any CPU
		Release|Any CPU = Release|Any CPU
	EndGlobalSection
	GlobalSection(ProjectConfigurationPlatforms) = postSolution
		{38DBC4F2-0D1B-49C5-93C0-A572EB2A0839}.Debug|Any CPU.ActiveCfg = Debug|Any CPU
		{38DBC4F2-0D1B-49C5-93C0-A572EB2A0839}.Debug|Any CPU.Build.0 = Debug|Any CPU
		{38DBC4F2-0D1B-49C5-93C0-A572EB2A0839}.Release|Any CPU.ActiveCfg = Release|Any CPU
		{38DBC4F2-0D1B-49C5-93C0-A572EB2A0839}.Release|Any CPU.Build.0 = Release|Any CPU
	EndGlobalSection
	GlobalSection(SolutionProperties) = preSolution
		HideSolutionNode = FALSE
	EndGlobalSection
	GlobalSection(ExtensibilityGlobals) = postSolution
		SolutionGuid = {78BDD1D0-E6CC-4554-B79D-E4259B3B0284}
	EndGlobalSection
EndGlobal
